
Microsoft Visual Studio Solution File, Format Version 12.00
# Visual Studio Version 16
VisualStudioVersion = 16.0.30517.126
MinimumVisualStudioVersion = 10.0.40219.1
Project("{FAE04EC0-301F-11D3-BF4B-00C04F79EFBC}") = "Tesseract ORC", "Tesseract ORC\Tesseract ORC.csproj", "{23647DAB-6325-44E6-924C-B861B06650E6}"
EndProject
Global
	GlobalSection(SolutionConfigurationPlatforms) = preSolution
		Debug|Any CPU = Debug|Any CPU
		Release|Any CPU = Release|Any CPU
	EndGlobalSection
	GlobalSection(ProjectConfigurationPlatforms) = postSolution
		{23647DAB-6325-44E6-924C-B861B06650E6}.Debug|Any CPU.ActiveCfg = Debug|Any CPU
		{23647DAB-6325-44E6-924C-B861B06650E6}.Debug|Any CPU.Build.0 = Debug|Any CPU
		{23647DAB-6325-44E6-924C-B861B06650E6}.Release|Any CPU.ActiveCfg = Release|Any CPU
		{23647DAB-6325-44E6-924C-B861B06650E6}.Release|Any CPU.Build.0 = Release|Any CPU
	EndGlobalSection
	GlobalSection(SolutionProperties) = preSolution
		HideSolutionNode = FALSE
	EndGlobalSection
	GlobalSection(ExtensibilityGlobals) = postSolution
		SolutionGuid = {780FA865-7C87-46BC-8809-2452E5483133}
	EndGlobalSection
EndGlobal
